dependencies:
- name: redis
  repository: https://charts.bitnami.com/bitnami
  version: 24.1.3
- name: postgresql
  repository: https://charts.bitnami.com/bitnami
  version: 18.2.4
digest: sha256:af7ef6c98f6157f862429305247440a659c1c0122beaa6c1c08c33105130d378
generated: "2026-02-04T00:00:00.000000+00:00"
